
Microsoft Visual Studio Solution File, Format Version 12.00
# Visual Studio 15
VisualStudioVersion = 15.0.28010.2036
MinimumVisualStudioVersion = 10.0.40219.1
Project("{FAE04EC0-301F-11D3-BF4B-00C04F79EFBC}") = "01-异常捕获", "01-异常捕获\01-异常捕获.csproj", "{360718DF-590D-4468-89A9-80A59FDD20FF}"
EndProject
Project("{FAE04EC0-301F-11D3-BF4B-00C04F79EFBC}") = "02-switch-case", "02-switch-case\02-switch-case.csproj", "{1ABC675C-91C5-41D6-9D99-D43783D329FC}"
EndProject
Project("{FAE04EC0-301F-11D3-BF4B-00C04F79EFBC}") = "03-switch-case练习", "03-switch-case练习\03-switch-case练习.csproj", "{B5D18CAB-1295-45EE-AAB4-D08E6A34C28D}"
EndProject
Project("{FAE04EC0-301F-11D3-BF4B-00C04F79EFBC}") = "04-判断闰年", "04-判断闰年\04-判断闰年.csproj", "{B0D87F33-A03A-4E09-95DC-9E5685A1C378}"
EndProject
Project("{FAE04EC0-301F-11D3-BF4B-00C04F79EFBC}") = "07-break关键字的用法", "07-break关键字的用法\07-break关键字的用法.csproj", "{2CA322C6-E282-4B37-9897-82B3B615800E}"
EndProject
Project("{FAE04EC0-301F-11D3-BF4B-00C04F79EFBC}") = "08-while循环的三个练习", "08-while循环的三个练习\08-while循环的三个练习.csproj", "{FBFE3FA7-CBF5-42EC-8966-23880D70C69D}"
EndProject
Project("{FAE04EC0-301F-11D3-BF4B-00C04F79EFBC}") = "09-dowhile循环", "09-dowhile循环\09-dowhile循环.csproj", "{BD80634F-CCD1-405B-8101-B07E09B8195D}"
EndProject
Project("{FAE04EC0-301F-11D3-BF4B-00C04F79EFBC}") = "10-复习", "10-复习\10-复习.csproj", "{8E02E43C-6BA5-4F14-851B-829B0E67583F}"
EndProject
Project("{FAE04EC0-301F-11D3-BF4B-00C04F79EFBC}") = "13-for循环", "13-for循环\13-for循环.csproj", "{FC41D44F-60CD-4910-9B7B-AF3C62830CAD}"
EndProject
Project("{FAE04EC0-301F-11D3-BF4B-00C04F79EFBC}") = "14-for循环的正序输出和倒序输出", "14-for循环的正序输出和倒序输出\14-for循环的正序输出和倒序输出.csproj", "{26035A93-15F0-4974-B9A2-9974ED9A25FD}"
EndProject
Project("{FAE04EC0-301F-11D3-BF4B-00C04F79EFBC}") = "15-for循环练习", "15-for循环练习\15-for循环练习.csproj", "{16A0692D-C2D6-48C0-8D04-1B782A05DFA2}"
EndProject
Project("{FAE04EC0-301F-11D3-BF4B-00C04F79EFBC}") = "16-九九乘法口诀表", "16-九九乘法口诀表\16-九九乘法口诀表.csproj", "{B9E4020C-9534-49B1-9654-1FC2081D588D}"
EndProject
Project("{FAE04EC0-301F-11D3-BF4B-00C04F79EFBC}") = "17-类型转换", "17-类型转换\17-类型转换.csproj", "{0EE0E0D0-E34E-4FC1-9A0D-A2CDA21F958E}"
EndProject
Project("{FAE04EC0-301F-11D3-BF4B-00C04F79EFBC}") = "18-for循环的三个练习", "18-for循环的三个练习\18-for循环的三个练习.csproj", "{66C5AE62-DF04-442E-B0FA-6D4EDE8B3D0E}"
EndProject
Project("{FAE04EC0-301F-11D3-BF4B-00C04F79EFBC}") = "19-continue和质数", "19-continue和质数\19-continue和质数.csproj", "{329553E8-D3F2-4622-A13C-8D8B5B585D15}"
EndProject
Project("{FAE04EC0-301F-11D3-BF4B-00C04F79EFBC}") = "20-三元表达式", "20-三元表达式\20-三元表达式.csproj", "{D2B9A092-97FA-4B1B-890A-DAF9234990AD}"
EndProject
Project("{FAE04EC0-301F-11D3-BF4B-00C04F79EFBC}") = "21-随机数", "21-随机数\21-随机数.csproj", "{F188BE05-5867-438D-B2A9-EABFDBFCF1FE}"
EndProject
Global
	GlobalSection(SolutionConfigurationPlatforms) = preSolution
		Debug|Any CPU = Debug|Any CPU
		Release|Any CPU = Release|Any CPU
	EndGlobalSection
	GlobalSection(ProjectConfigurationPlatforms) = postSolution
		{360718DF-590D-4468-89A9-80A59FDD20FF}.Debug|Any CPU.ActiveCfg = Debug|Any CPU
		{360718DF-590D-4468-89A9-80A59FDD20FF}.Debug|Any CPU.Build.0 = Debug|Any CPU
		{360718DF-590D-4468-89A9-80A59FDD20FF}.Release|Any CPU.ActiveCfg = Release|Any CPU
		{360718DF-590D-4468-89A9-80A59FDD20FF}.Release|Any CPU.Build.0 = Release|Any CPU
		{1ABC675C-91C5-41D6-9D99-D43783D329FC}.Debug|Any CPU.ActiveCfg = Debug|Any CPU
		{1ABC675C-91C5-41D6-9D99-D43783D329FC}.Debug|Any CPU.Build.0 = Debug|Any CPU
		{1ABC675C-91C5-41D6-9D99-D43783D329FC}.Release|Any CPU.ActiveCfg = Release|Any CPU
		{1ABC675C-91C5-41D6-9D99-D43783D329FC}.Release|Any CPU.Build.0 = Release|Any CPU
		{B5D18CAB-1295-45EE-AAB4-D08E6A34C28D}.Debug|Any CPU.ActiveCfg = Debug|Any CPU
		{B5D18CAB-1295-45EE-AAB4-D08E6A34C28D}.Debug|Any CPU.Build.0 = Debug|Any CPU
		{B5D18CAB-1295-45EE-AAB4-D08E6A34C28D}.Release|Any CPU.ActiveCfg = Release|Any CPU
		{B5D18CAB-1295-45EE-AAB4-D08E6A34C28D}.Release|Any CPU.Build.0 = Release|Any CPU
		{B0D87F33-A03A-4E09-95DC-9E5685A1C378}.Debug|Any CPU.ActiveCfg = Debug|Any CPU
		{B0D87F33-A03A-4E09-95DC-9E5685A1C378}.Debug|Any CPU.Build.0 = Debug|Any CPU
		{B0D87F33-A03A-4E09-95DC-9E5685A1C378}.Release|Any CPU.ActiveCfg = Release|Any CPU
		{B0D87F33-A03A-4E09-95DC-9E5685A1C378}.Release|Any CPU.Build.0 = Release|Any CPU
		{2CA322C6-E282-4B37-9897-82B3B615800E}.Debug|Any CPU.ActiveCfg = Debug|Any CPU
		{2CA322C6-E282-4B37-9897-82B3B615800E}.Debug|Any CPU.Build.0 = Debug|Any CPU
		{2CA322C6-E282-4B37-9897-82B3B615800E}.Release|Any CPU.ActiveCfg = Release|Any CPU
		{2CA322C6-E282-4B37-9897-82B3B615800E}.Release|Any CPU.Build.0 = Release|Any CPU
		{FBFE3FA7-CBF5-42EC-8966-23880D70C69D}.Debug|Any CPU.ActiveCfg = Debug|Any CPU
		{FBFE3FA7-CBF5-42EC-8966-23880D70C69D}.Debug|Any CPU.Build.0 = Debug|Any CPU
		{FBFE3FA7-CBF5-42EC-8966-23880D70C69D}.Release|Any CPU.ActiveCfg = Release|Any CPU
		{FBFE3FA7-CBF5-42EC-8966-23880D70C69D}.Release|Any CPU.Build.0 = Release|Any CPU
		{BD80634F-CCD1-405B-8101-B07E09B8195D}.Debug|Any CPU.ActiveCfg = Debug|Any CPU
		{BD80634F-CCD1-405B-8101-B07E09B8195D}.Debug|Any CPU.Build.0 = Debug|Any CPU
		{BD80634F-CCD1-405B-8101-B07E09B8195D}.Release|Any CPU.ActiveCfg = Release|Any CPU
		{BD80634F-CCD1-405B-8101-B07E09B8195D}.Release|Any CPU.Build.0 = Release|Any CPU
		{8E02E43C-6BA5-4F14-851B-829B0E67583F}.Debug|Any CPU.ActiveCfg = Debug|Any CPU
		{8E02E43C-6BA5-4F14-851B-829B0E67583F}.Debug|Any CPU.Build.0 = Debug|Any CPU
		{8E02E43C-6BA5-4F14-851B-829B0E67583F}.Release|Any CPU.ActiveCfg = Release|Any CPU
		{8E02E43C-6BA5-4F14-851B-829B0E67583F}.Release|Any CPU.Build.0 = Release|Any CPU
		{FC41D44F-60CD-4910-9B7B-AF3C62830CAD}.Debug|Any CPU.ActiveCfg = Debug|Any CPU
		{FC41D44F-60CD-4910-9B7B-AF3C62830CAD}.Debug|Any CPU.Build.0 = Debug|Any CPU
		{FC41D44F-60CD-4910-9B7B-AF3C62830CAD}.Release|Any CPU.ActiveCfg = Release|Any CPU
		{FC41D44F-60CD-4910-9B7B-AF3C62830CAD}.Release|Any CPU.Build.0 = Release|Any CPU
		{26035A93-15F0-4974-B9A2-9974ED9A25FD}.Debug|Any CPU.ActiveCfg = Debug|Any CPU
		{26035A93-15F0-4974-B9A2-9974ED9A25FD}.Debug|Any CPU.Build.0 = Debug|Any CPU
		{26035A93-15F0-4974-B9A2-9974ED9A25FD}.Release|Any CPU.ActiveCfg = Release|Any CPU
		{26035A93-15F0-4974-B9A2-9974ED9A25FD}.Release|Any CPU.Build.0 = Release|Any CPU
		{16A0692D-C2D6-48C0-8D04-1B782A05DFA2}.Debug|Any CPU.ActiveCfg = Debug|Any CPU
		{16A0692D-C2D6-48C0-8D04-1B782A05DFA2}.Debug|Any CPU.Build.0 = Debug|Any CPU
		{16A0692D-C2D6-48C0-8D04-1B782A05DFA2}.Release|Any CPU.ActiveCfg = Release|Any CPU
		{16A0692D-C2D6-48C0-8D04-1B782A05DFA2}.Release|Any CPU.Build.0 = Release|Any CPU
		{B9E4020C-9534-49B1-9654-1FC2081D588D}.Debug|Any CPU.ActiveCfg = Debug|Any CPU
		{B9E4020C-9534-49B1-9654-1FC2081D588D}.Debug|Any CPU.Build.0 = Debug|Any CPU
		{B9E4020C-9534-49B1-9654-1FC2081D588D}.Release|Any CPU.ActiveCfg = Release|Any CPU
		{B9E4020C-9534-49B1-9654-1FC2081D588D}.Release|Any CPU.Build.0 = Release|Any CPU
		{0EE0E0D0-E34E-4FC1-9A0D-A2CDA21F958E}.Debug|Any CPU.ActiveCfg = Debug|Any CPU
		{0EE0E0D0-E34E-4FC1-9A0D-A2CDA21F958E}.Debug|Any CPU.Build.0 = Debug|Any CPU
		{0EE0E0D0-E34E-4FC1-9A0D-A2CDA21F958E}.Release|Any CPU.ActiveCfg = Release|Any CPU
		{0EE0E0D0-E34E-4FC1-9A0D-A2CDA21F958E}.Release|Any CPU.Build.0 = Release|Any CPU
		{66C5AE62-DF04-442E-B0FA-6D4EDE8B3D0E}.Debug|Any CPU.ActiveCfg = Debug|Any CPU
		{66C5AE62-DF04-442E-B0FA-6D4EDE8B3D0E}.Debug|Any CPU.Build.0 = Debug|Any CPU
		{66C5AE62-DF04-442E-B0FA-6D4EDE8B3D0E}.Release|Any CPU.ActiveCfg = Release|Any CPU
		{66C5AE62-DF04-442E-B0FA-6D4EDE8B3D0E}.Release|Any CPU.Build.0 = Release|Any CPU
		{329553E8-D3F2-4622-A13C-8D8B5B585D15}.Debug|Any CPU.ActiveCfg = Debug|Any CPU
		{329553E8-D3F2-4622-A13C-8D8B5B585D15}.Debug|Any CPU.Build.0 = Debug|Any CPU
		{329553E8-D3F2-4622-A13C-8D8B5B585D15}.Release|Any CPU.ActiveCfg = Release|Any CPU
		{329553E8-D3F2-4622-A13C-8D8B5B585D15}.Release|Any CPU.Build.0 = Release|Any CPU
		{D2B9A092-97FA-4B1B-890A-DAF9234990AD}.Debug|Any CPU.ActiveCfg = Debug|Any CPU
		{D2B9A092-97FA-4B1B-890A-DAF9234990AD}.Debug|Any CPU.Build.0 = Debug|Any CPU
		{D2B9A092-97FA-4B1B-890A-DAF9234990AD}.Release|Any CPU.ActiveCfg = Release|Any CPU
		{D2B9A092-97FA-4B1B-890A-DAF9234990AD}.Release|Any CPU.Build.0 = Release|Any CPU
		{F188BE05-5867-438D-B2A9-EABFDBFCF1FE}.Debug|Any CPU.ActiveCfg = Debug|Any CPU
		{F188BE05-5867-438D-B2A9-EABFDBFCF1FE}.Debug|Any CPU.Build.0 = Debug|Any CPU
		{F188BE05-5867-438D-B2A9-EABFDBFCF1FE}.Release|Any CPU.ActiveCfg = Release|Any CPU
		{F188BE05-5867-438D-B2A9-EABFDBFCF1FE}.Release|Any CPU.Build.0 = Release|Any CPU
	EndGlobalSection
	GlobalSection(SolutionProperties) = preSolution
		HideSolutionNode = FALSE
	EndGlobalSection
	GlobalSection(ExtensibilityGlobals) = postSolution
		SolutionGuid = {F3E60C37-77B1-42F7-BA68-C8F7253BFDF0}
	EndGlobalSection
EndGlobal
