
Microsoft Visual Studio Solution File, Format Version 12.00
# Visual Studio 15
VisualStudioVersion = 15.0.28307.168
MinimumVisualStudioVersion = 10.0.40219.1
Project("{FAE04EC0-301F-11D3-BF4B-00C04F79EFBC}") = "01-复习", "01-复习\01-复习.csproj", "{7E9DF3D8-77EF-4D6C-9FB0-A5C175435B6F}"
EndProject
Project("{FAE04EC0-301F-11D3-BF4B-00C04F79EFBC}") = "02-List泛型集合", "02-List泛型集合\02-List泛型集合.csproj", "{DE700064-40E7-4CB0-9BA2-38C950B99FD6}"
EndProject
Project("{FAE04EC0-301F-11D3-BF4B-00C04F79EFBC}") = "03-装箱和拆箱", "03-装箱和拆箱\03-装箱和拆箱.csproj", "{9C5CB6DF-1052-4A32-92D2-337B08EF8EB9}"
EndProject
Project("{FAE04EC0-301F-11D3-BF4B-00C04F79EFBC}") = "04-Dictionary", "04-Dictionary\04-Dictionary.csproj", "{C931D234-698B-4383-B5D8-31235E7620B9}"
EndProject
Project("{FAE04EC0-301F-11D3-BF4B-00C04F79EFBC}") = "05-泛型集合的练习", "05-泛型集合的练习\05-泛型集合的练习.csproj", "{7F505D27-7AD5-4473-B82C-E8907CC52DD4}"
EndProject
Project("{FAE04EC0-301F-11D3-BF4B-00C04F79EFBC}") = "06-FileStream", "06-FileStream\06-FileStream.csproj", "{07F1FC84-A939-4C72-8C63-E25BAF6FD973}"
EndProject
Project("{FAE04EC0-301F-11D3-BF4B-00C04F79EFBC}") = "07-使用文件流来实现多媒体文件的复制", "07-使用文件流来实现多媒体文件的复制\07-使用文件流来实现多媒体文件的复制.csproj", "{5BC76D89-94EB-47E1-B49F-E7F9D5D88DB6}"
EndProject
Project("{FAE04EC0-301F-11D3-BF4B-00C04F79EFBC}") = "08-StreamReader和StreamWriter", "08-StreamReader和StreamWriter\08-StreamReader和StreamWriter.csproj", "{D58EF03F-9551-421C-A949-EBA9BBA3C30B}"
EndProject
Project("{FAE04EC0-301F-11D3-BF4B-00C04F79EFBC}") = "09-面向对象多态", "09-面向对象多态\09-面向对象多态.csproj", "{BB43A4DD-A290-4476-B935-C30181848A39}"
EndProject
Project("{FAE04EC0-301F-11D3-BF4B-00C04F79EFBC}") = "10-多态练习", "10-多态练习\10-多态练习.csproj", "{AC7F1F5A-FD9C-4E93-A69A-E6AAFDF38483}"
EndProject
Project("{FAE04EC0-301F-11D3-BF4B-00C04F79EFBC}") = "11-抽象类", "11-抽象类\11-抽象类.csproj", "{4943390A-4D2E-4E38-B2A8-225E1518E5A6}"
EndProject
Project("{FAE04EC0-301F-11D3-BF4B-00C04F79EFBC}") = "12-抽象类类型", "12-抽象类类型\12-抽象类类型.csproj", "{9458FCD2-DDA7-455D-930C-84C32DC34297}"
EndProject
Project("{FAE04EC0-301F-11D3-BF4B-00C04F79EFBC}") = "13-多态模拟电脑、U盘、移动硬盘、MP3", "13-多态模拟电脑、U盘、移动硬盘、MP3\13-多态模拟电脑、U盘、移动硬盘、MP3.csproj", "{8F383106-DA9B-4AEE-AB4D-8F308C011C4A}"
EndProject
Global
	GlobalSection(SolutionConfigurationPlatforms) = preSolution
		Debug|Any CPU = Debug|Any CPU
		Release|Any CPU = Release|Any CPU
	EndGlobalSection
	GlobalSection(ProjectConfigurationPlatforms) = postSolution
		{7E9DF3D8-77EF-4D6C-9FB0-A5C175435B6F}.Debug|Any CPU.ActiveCfg = Debug|Any CPU
		{7E9DF3D8-77EF-4D6C-9FB0-A5C175435B6F}.Debug|Any CPU.Build.0 = Debug|Any CPU
		{7E9DF3D8-77EF-4D6C-9FB0-A5C175435B6F}.Release|Any CPU.ActiveCfg = Release|Any CPU
		{7E9DF3D8-77EF-4D6C-9FB0-A5C175435B6F}.Release|Any CPU.Build.0 = Release|Any CPU
		{DE700064-40E7-4CB0-9BA2-38C950B99FD6}.Debug|Any CPU.ActiveCfg = Debug|Any CPU
		{DE700064-40E7-4CB0-9BA2-38C950B99FD6}.Debug|Any CPU.Build.0 = Debug|Any CPU
		{DE700064-40E7-4CB0-9BA2-38C950B99FD6}.Release|Any CPU.ActiveCfg = Release|Any CPU
		{DE700064-40E7-4CB0-9BA2-38C950B99FD6}.Release|Any CPU.Build.0 = Release|Any CPU
		{9C5CB6DF-1052-4A32-92D2-337B08EF8EB9}.Debug|Any CPU.ActiveCfg = Debug|Any CPU
		{9C5CB6DF-1052-4A32-92D2-337B08EF8EB9}.Debug|Any CPU.Build.0 = Debug|Any CPU
		{9C5CB6DF-1052-4A32-92D2-337B08EF8EB9}.Release|Any CPU.ActiveCfg = Release|Any CPU
		{9C5CB6DF-1052-4A32-92D2-337B08EF8EB9}.Release|Any CPU.Build.0 = Release|Any CPU
		{C931D234-698B-4383-B5D8-31235E7620B9}.Debug|Any CPU.ActiveCfg = Debug|Any CPU
		{C931D234-698B-4383-B5D8-31235E7620B9}.Debug|Any CPU.Build.0 = Debug|Any CPU
		{C931D234-698B-4383-B5D8-31235E7620B9}.Release|Any CPU.ActiveCfg = Release|Any CPU
		{C931D234-698B-4383-B5D8-31235E7620B9}.Release|Any CPU.Build.0 = Release|Any CPU
		{7F505D27-7AD5-4473-B82C-E8907CC52DD4}.Debug|Any CPU.ActiveCfg = Debug|Any CPU
		{7F505D27-7AD5-4473-B82C-E8907CC52DD4}.Debug|Any CPU.Build.0 = Debug|Any CPU
		{7F505D27-7AD5-4473-B82C-E8907CC52DD4}.Release|Any CPU.ActiveCfg = Release|Any CPU
		{7F505D27-7AD5-4473-B82C-E8907CC52DD4}.Release|Any CPU.Build.0 = Release|Any CPU
		{07F1FC84-A939-4C72-8C63-E25BAF6FD973}.Debug|Any CPU.ActiveCfg = Debug|Any CPU
		{07F1FC84-A939-4C72-8C63-E25BAF6FD973}.Debug|Any CPU.Build.0 = Debug|Any CPU
		{07F1FC84-A939-4C72-8C63-E25BAF6FD973}.Release|Any CPU.ActiveCfg = Release|Any CPU
		{07F1FC84-A939-4C72-8C63-E25BAF6FD973}.Release|Any CPU.Build.0 = Release|Any CPU
		{5BC76D89-94EB-47E1-B49F-E7F9D5D88DB6}.Debug|Any CPU.ActiveCfg = Debug|Any CPU
		{5BC76D89-94EB-47E1-B49F-E7F9D5D88DB6}.Debug|Any CPU.Build.0 = Debug|Any CPU
		{5BC76D89-94EB-47E1-B49F-E7F9D5D88DB6}.Release|Any CPU.ActiveCfg = Release|Any CPU
		{5BC76D89-94EB-47E1-B49F-E7F9D5D88DB6}.Release|Any CPU.Build.0 = Release|Any CPU
		{D58EF03F-9551-421C-A949-EBA9BBA3C30B}.Debug|Any CPU.ActiveCfg = Debug|Any CPU
		{D58EF03F-9551-421C-A949-EBA9BBA3C30B}.Debug|Any CPU.Build.0 = Debug|Any CPU
		{D58EF03F-9551-421C-A949-EBA9BBA3C30B}.Release|Any CPU.ActiveCfg = Release|Any CPU
		{D58EF03F-9551-421C-A949-EBA9BBA3C30B}.Release|Any CPU.Build.0 = Release|Any CPU
		{BB43A4DD-A290-4476-B935-C30181848A39}.Debug|Any CPU.ActiveCfg = Debug|Any CPU
		{BB43A4DD-A290-4476-B935-C30181848A39}.Debug|Any CPU.Build.0 = Debug|Any CPU
		{BB43A4DD-A290-4476-B935-C30181848A39}.Release|Any CPU.ActiveCfg = Release|Any CPU
		{BB43A4DD-A290-4476-B935-C30181848A39}.Release|Any CPU.Build.0 = Release|Any CPU
		{AC7F1F5A-FD9C-4E93-A69A-E6AAFDF38483}.Debug|Any CPU.ActiveCfg = Debug|Any CPU
		{AC7F1F5A-FD9C-4E93-A69A-E6AAFDF38483}.Debug|Any CPU.Build.0 = Debug|Any CPU
		{AC7F1F5A-FD9C-4E93-A69A-E6AAFDF38483}.Release|Any CPU.ActiveCfg = Release|Any CPU
		{AC7F1F5A-FD9C-4E93-A69A-E6AAFDF38483}.Release|Any CPU.Build.0 = Release|Any CPU
		{4943390A-4D2E-4E38-B2A8-225E1518E5A6}.Debug|Any CPU.ActiveCfg = Debug|Any CPU
		{4943390A-4D2E-4E38-B2A8-225E1518E5A6}.Debug|Any CPU.Build.0 = Debug|Any CPU
		{4943390A-4D2E-4E38-B2A8-225E1518E5A6}.Release|Any CPU.ActiveCfg = Release|Any CPU
		{4943390A-4D2E-4E38-B2A8-225E1518E5A6}.Release|Any CPU.Build.0 = Release|Any CPU
		{9458FCD2-DDA7-455D-930C-84C32DC34297}.Debug|Any CPU.ActiveCfg = Debug|Any CPU
		{9458FCD2-DDA7-455D-930C-84C32DC34297}.Debug|Any CPU.Build.0 = Debug|Any CPU
		{9458FCD2-DDA7-455D-930C-84C32DC34297}.Release|Any CPU.ActiveCfg = Release|Any CPU
		{9458FCD2-DDA7-455D-930C-84C32DC34297}.Release|Any CPU.Build.0 = Release|Any CPU
		{8F383106-DA9B-4AEE-AB4D-8F308C011C4A}.Debug|Any CPU.ActiveCfg = Debug|Any CPU
		{8F383106-DA9B-4AEE-AB4D-8F308C011C4A}.Debug|Any CPU.Build.0 = Debug|Any CPU
		{8F383106-DA9B-4AEE-AB4D-8F308C011C4A}.Release|Any CPU.ActiveCfg = Release|Any CPU
		{8F383106-DA9B-4AEE-AB4D-8F308C011C4A}.Release|Any CPU.Build.0 = Release|Any CPU
	EndGlobalSection
	GlobalSection(SolutionProperties) = preSolution
		HideSolutionNode = FALSE
	EndGlobalSection
	GlobalSection(ExtensibilityGlobals) = postSolution
		SolutionGuid = {7DBCFC9D-1760-453C-A11B-F414433CCCC3}
	EndGlobalSection
EndGlobal
