
Microsoft Visual Studio Solution File, Format Version 12.00
# Visual Studio 15
VisualStudioVersion = 15.0.28307.168
MinimumVisualStudioVersion = 10.0.40219.1
Project("{FAE04EC0-301F-11D3-BF4B-00C04F79EFBC}") = "01-方法的练习", "01-方法的练习\01-方法的练习.csproj", "{F2533620-2967-417D-930C-66B7A4C539EA}"
EndProject
Project("{FAE04EC0-301F-11D3-BF4B-00C04F79EFBC}") = "02-方法练习", "02-方法练习\02-方法练习.csproj", "{90FBA016-4578-49EA-8854-1139D8FB667D}"
EndProject
Project("{FAE04EC0-301F-11D3-BF4B-00C04F79EFBC}") = "03-方法的练习", "03-方法的练习\03-方法的练习.csproj", "{686E7BDC-0566-43F5-8B21-D56505DF3DA1}"
EndProject
Global
	GlobalSection(SolutionConfigurationPlatforms) = preSolution
		Debug|Any CPU = Debug|Any CPU
		Release|Any CPU = Release|Any CPU
	EndGlobalSection
	GlobalSection(ProjectConfigurationPlatforms) = postSolution
		{F2533620-2967-417D-930C-66B7A4C539EA}.Debug|Any CPU.ActiveCfg = Debug|Any CPU
		{F2533620-2967-417D-930C-66B7A4C539EA}.Debug|Any CPU.Build.0 = Debug|Any CPU
		{F2533620-2967-417D-930C-66B7A4C539EA}.Release|Any CPU.ActiveCfg = Release|Any CPU
		{F2533620-2967-417D-930C-66B7A4C539EA}.Release|Any CPU.Build.0 = Release|Any CPU
		{90FBA016-4578-49EA-8854-1139D8FB667D}.Debug|Any CPU.ActiveCfg = Debug|Any CPU
		{90FBA016-4578-49EA-8854-1139D8FB667D}.Debug|Any CPU.Build.0 = Debug|Any CPU
		{90FBA016-4578-49EA-8854-1139D8FB667D}.Release|Any CPU.ActiveCfg = Release|Any CPU
		{90FBA016-4578-49EA-8854-1139D8FB667D}.Release|Any CPU.Build.0 = Release|Any CPU
		{686E7BDC-0566-43F5-8B21-D56505DF3DA1}.Debug|Any CPU.ActiveCfg = Debug|Any CPU
		{686E7BDC-0566-43F5-8B21-D56505DF3DA1}.Debug|Any CPU.Build.0 = Debug|Any CPU
		{686E7BDC-0566-43F5-8B21-D56505DF3DA1}.Release|Any CPU.ActiveCfg = Release|Any CPU
		{686E7BDC-0566-43F5-8B21-D56505DF3DA1}.Release|Any CPU.Build.0 = Release|Any CPU
	EndGlobalSection
	GlobalSection(SolutionProperties) = preSolution
		HideSolutionNode = FALSE
	EndGlobalSection
	GlobalSection(ExtensibilityGlobals) = postSolution
		SolutionGuid = {F1322E02-BB66-4B47-886F-1D83C42A2CFB}
	EndGlobalSection
EndGlobal
