
Microsoft Visual Studio Solution File, Format Version 12.00
# Visual Studio 15
VisualStudioVersion = 15.0.28307.168
MinimumVisualStudioVersion = 10.0.40219.1
Project("{FAE04EC0-301F-11D3-BF4B-00C04F79EFBC}") = "00-复习", "00-复习\00-复习.csproj", "{2EEAD837-5C9F-4F08-B262-4A899F061A35}"
EndProject
Project("{FAE04EC0-301F-11D3-BF4B-00C04F79EFBC}") = "01-命名空间", "01-命名空间\01-命名空间.csproj", "{0935A7B3-6DAA-4957-8AFF-4113FECAFD79}"
EndProject
Project("{FAE04EC0-301F-11D3-BF4B-00C04F79EFBC}") = "03-值类型和引用类型", "03-值类型和引用类型\03-值类型和引用类型.csproj", "{6A977552-A2B6-468E-8FE1-55F2EAA8B354}"
EndProject
Project("{FAE04EC0-301F-11D3-BF4B-00C04F79EFBC}") = "04-字符串", "04-字符串\04-字符串.csproj", "{5EC1C0B8-4C73-4EEF-8FC4-BAE933DD660E}"
EndProject
Project("{FAE04EC0-301F-11D3-BF4B-00C04F79EFBC}") = "05-stringBuilder", "05-stringBuilder\05-stringBuilder.csproj", "{361E80F9-D9F1-42D9-BD82-0974C2F10542}"
EndProject
Project("{FAE04EC0-301F-11D3-BF4B-00C04F79EFBC}") = "06-字符串的各种方法", "06-字符串的各种方法\06-字符串的各种方法.csproj", "{B7C03612-0E92-4AA5-BB65-C863662321CB}"
EndProject
Project("{FAE04EC0-301F-11D3-BF4B-00C04F79EFBC}") = "07-字符串的练习", "07-字符串的练习\07-字符串的练习.csproj", "{7ADBBE74-5BF2-4DD5-A02C-B3F19923F208}"
EndProject
Project("{FAE04EC0-301F-11D3-BF4B-00C04F79EFBC}") = "08-继承", "08-继承\08-继承.csproj", "{37C024EA-F83F-4A16-AAAD-FBC159D1FA31}"
EndProject
Project("{FAE04EC0-301F-11D3-BF4B-00C04F79EFBC}") = "09-继承练习", "09-继承练习\09-继承练习.csproj", "{2510F7F0-E432-4E63-A287-B68C46A65516}"
EndProject
Project("{FAE04EC0-301F-11D3-BF4B-00C04F79EFBC}") = "10-关键字-new", "10-关键字-new\10-关键字-new.csproj", "{50EB4DE6-5FC0-464D-AEE7-93D824724727}"
EndProject
Project("{FAE04EC0-301F-11D3-BF4B-00C04F79EFBC}") = "11-里式转换", "11-里式转换\11-里式转换.csproj", "{564A1C22-2FF2-4399-B7F1-A0DE3A90687B}"
EndProject
Project("{FAE04EC0-301F-11D3-BF4B-00C04F79EFBC}") = "12-里式转换练习", "12-里式转换练习\12-里式转换练习.csproj", "{B0E56904-A390-48EC-B9C6-0425ACA74AC2}"
EndProject
Global
	GlobalSection(SolutionConfigurationPlatforms) = preSolution
		Debug|Any CPU = Debug|Any CPU
		Release|Any CPU = Release|Any CPU
	EndGlobalSection
	GlobalSection(ProjectConfigurationPlatforms) = postSolution
		{2EEAD837-5C9F-4F08-B262-4A899F061A35}.Debug|Any CPU.ActiveCfg = Debug|Any CPU
		{2EEAD837-5C9F-4F08-B262-4A899F061A35}.Debug|Any CPU.Build.0 = Debug|Any CPU
		{2EEAD837-5C9F-4F08-B262-4A899F061A35}.Release|Any CPU.ActiveCfg = Release|Any CPU
		{2EEAD837-5C9F-4F08-B262-4A899F061A35}.Release|Any CPU.Build.0 = Release|Any CPU
		{0935A7B3-6DAA-4957-8AFF-4113FECAFD79}.Debug|Any CPU.ActiveCfg = Debug|Any CPU
		{0935A7B3-6DAA-4957-8AFF-4113FECAFD79}.Debug|Any CPU.Build.0 = Debug|Any CPU
		{0935A7B3-6DAA-4957-8AFF-4113FECAFD79}.Release|Any CPU.ActiveCfg = Release|Any CPU
		{0935A7B3-6DAA-4957-8AFF-4113FECAFD79}.Release|Any CPU.Build.0 = Release|Any CPU
		{6A977552-A2B6-468E-8FE1-55F2EAA8B354}.Debug|Any CPU.ActiveCfg = Debug|Any CPU
		{6A977552-A2B6-468E-8FE1-55F2EAA8B354}.Debug|Any CPU.Build.0 = Debug|Any CPU
		{6A977552-A2B6-468E-8FE1-55F2EAA8B354}.Release|Any CPU.ActiveCfg = Release|Any CPU
		{6A977552-A2B6-468E-8FE1-55F2EAA8B354}.Release|Any CPU.Build.0 = Release|Any CPU
		{5EC1C0B8-4C73-4EEF-8FC4-BAE933DD660E}.Debug|Any CPU.ActiveCfg = Debug|Any CPU
		{5EC1C0B8-4C73-4EEF-8FC4-BAE933DD660E}.Debug|Any CPU.Build.0 = Debug|Any CPU
		{5EC1C0B8-4C73-4EEF-8FC4-BAE933DD660E}.Release|Any CPU.ActiveCfg = Release|Any CPU
		{5EC1C0B8-4C73-4EEF-8FC4-BAE933DD660E}.Release|Any CPU.Build.0 = Release|Any CPU
		{361E80F9-D9F1-42D9-BD82-0974C2F10542}.Debug|Any CPU.ActiveCfg = Debug|Any CPU
		{361E80F9-D9F1-42D9-BD82-0974C2F10542}.Debug|Any CPU.Build.0 = Debug|Any CPU
		{361E80F9-D9F1-42D9-BD82-0974C2F10542}.Release|Any CPU.ActiveCfg = Release|Any CPU
		{361E80F9-D9F1-42D9-BD82-0974C2F10542}.Release|Any CPU.Build.0 = Release|Any CPU
		{B7C03612-0E92-4AA5-BB65-C863662321CB}.Debug|Any CPU.ActiveCfg = Debug|Any CPU
		{B7C03612-0E92-4AA5-BB65-C863662321CB}.Debug|Any CPU.Build.0 = Debug|Any CPU
		{B7C03612-0E92-4AA5-BB65-C863662321CB}.Release|Any CPU.ActiveCfg = Release|Any CPU
		{B7C03612-0E92-4AA5-BB65-C863662321CB}.Release|Any CPU.Build.0 = Release|Any CPU
		{7ADBBE74-5BF2-4DD5-A02C-B3F19923F208}.Debug|Any CPU.ActiveCfg = Debug|Any CPU
		{7ADBBE74-5BF2-4DD5-A02C-B3F19923F208}.Debug|Any CPU.Build.0 = Debug|Any CPU
		{7ADBBE74-5BF2-4DD5-A02C-B3F19923F208}.Release|Any CPU.ActiveCfg = Release|Any CPU
		{7ADBBE74-5BF2-4DD5-A02C-B3F19923F208}.Release|Any CPU.Build.0 = Release|Any CPU
		{37C024EA-F83F-4A16-AAAD-FBC159D1FA31}.Debug|Any CPU.ActiveCfg = Debug|Any CPU
		{37C024EA-F83F-4A16-AAAD-FBC159D1FA31}.Debug|Any CPU.Build.0 = Debug|Any CPU
		{37C024EA-F83F-4A16-AAAD-FBC159D1FA31}.Release|Any CPU.ActiveCfg = Release|Any CPU
		{37C024EA-F83F-4A16-AAAD-FBC159D1FA31}.Release|Any CPU.Build.0 = Release|Any CPU
		{2510F7F0-E432-4E63-A287-B68C46A65516}.Debug|Any CPU.ActiveCfg = Debug|Any CPU
		{2510F7F0-E432-4E63-A287-B68C46A65516}.Debug|Any CPU.Build.0 = Debug|Any CPU
		{2510F7F0-E432-4E63-A287-B68C46A65516}.Release|Any CPU.ActiveCfg = Release|Any CPU
		{2510F7F0-E432-4E63-A287-B68C46A65516}.Release|Any CPU.Build.0 = Release|Any CPU
		{50EB4DE6-5FC0-464D-AEE7-93D824724727}.Debug|Any CPU.ActiveCfg = Debug|Any CPU
		{50EB4DE6-5FC0-464D-AEE7-93D824724727}.Debug|Any CPU.Build.0 = Debug|Any CPU
		{50EB4DE6-5FC0-464D-AEE7-93D824724727}.Release|Any CPU.ActiveCfg = Release|Any CPU
		{50EB4DE6-5FC0-464D-AEE7-93D824724727}.Release|Any CPU.Build.0 = Release|Any CPU
		{564A1C22-2FF2-4399-B7F1-A0DE3A90687B}.Debug|Any CPU.ActiveCfg = Debug|Any CPU
		{564A1C22-2FF2-4399-B7F1-A0DE3A90687B}.Debug|Any CPU.Build.0 = Debug|Any CPU
		{564A1C22-2FF2-4399-B7F1-A0DE3A90687B}.Release|Any CPU.ActiveCfg = Release|Any CPU
		{564A1C22-2FF2-4399-B7F1-A0DE3A90687B}.Release|Any CPU.Build.0 = Release|Any CPU
		{B0E56904-A390-48EC-B9C6-0425ACA74AC2}.Debug|Any CPU.ActiveCfg = Debug|Any CPU
		{B0E56904-A390-48EC-B9C6-0425ACA74AC2}.Debug|Any CPU.Build.0 = Debug|Any CPU
		{B0E56904-A390-48EC-B9C6-0425ACA74AC2}.Release|Any CPU.ActiveCfg = Release|Any CPU
		{B0E56904-A390-48EC-B9C6-0425ACA74AC2}.Release|Any CPU.Build.0 = Release|Any CPU
	EndGlobalSection
	GlobalSection(SolutionProperties) = preSolution
		HideSolutionNode = FALSE
	EndGlobalSection
	GlobalSection(ExtensibilityGlobals) = postSolution
		SolutionGuid = {BE176111-A00C-4EA0-93E5-F3E16F51502B}
	EndGlobalSection
EndGlobal
