
Microsoft Visual Studio Solution File, Format Version 12.00
# Visual Studio 15
VisualStudioVersion = 15.0.28307.168
MinimumVisualStudioVersion = 10.0.40219.1
Project("{FAE04EC0-301F-11D3-BF4B-00C04F79EFBC}") = "Winform应用程序", "Winform应用程序\Winform应用程序.csproj", "{831E0861-7716-4194-A9B5-BD69FCD8A36C}"
EndProject
Global
	GlobalSection(SolutionConfigurationPlatforms) = preSolution
		Debug|Any CPU = Debug|Any CPU
		Release|Any CPU = Release|Any CPU
	EndGlobalSection
	GlobalSection(ProjectConfigurationPlatforms) = postSolution
		{831E0861-7716-4194-A9B5-BD69FCD8A36C}.Debug|Any CPU.ActiveCfg = Debug|Any CPU
		{831E0861-7716-4194-A9B5-BD69FCD8A36C}.Debug|Any CPU.Build.0 = Debug|Any CPU
		{831E0861-7716-4194-A9B5-BD69FCD8A36C}.Release|Any CPU.ActiveCfg = Release|Any CPU
		{831E0861-7716-4194-A9B5-BD69FCD8A36C}.Release|Any CPU.Build.0 = Release|Any CPU
	EndGlobalSection
	GlobalSection(SolutionProperties) = preSolution
		HideSolutionNode = FALSE
	EndGlobalSection
	GlobalSection(ExtensibilityGlobals) = postSolution
		SolutionGuid = {37D8CD3C-26C6-41C8-A5D8-2BD5F939065D}
	EndGlobalSection
EndGlobal
