
Microsoft Visual Studio Solution File, Format Version 12.00
# Visual Studio 15
VisualStudioVersion = 15.0.28307.329
MinimumVisualStudioVersion = 10.0.40219.1
Project("{FAE04EC0-301F-11D3-BF4B-00C04F79EFBC}") = "01-Path类复习", "01-Path类复习\01-Path类复习.csproj", "{ECAC4062-2CB3-4DCB-8E1D-4D354CD28CFE}"
EndProject
Project("{FAE04EC0-301F-11D3-BF4B-00C04F79EFBC}") = "02-File类", "02-File类\02-File类.csproj", "{081D44BA-6270-4A2A-AFBA-AF82CC2D0198}"
EndProject
Global
	GlobalSection(SolutionConfigurationPlatforms) = preSolution
		Debug|Any CPU = Debug|Any CPU
		Release|Any CPU = Release|Any CPU
	EndGlobalSection
	GlobalSection(ProjectConfigurationPlatforms) = postSolution
		{ECAC4062-2CB3-4DCB-8E1D-4D354CD28CFE}.Debug|Any CPU.ActiveCfg = Debug|Any CPU
		{ECAC4062-2CB3-4DCB-8E1D-4D354CD28CFE}.Debug|Any CPU.Build.0 = Debug|Any CPU
		{ECAC4062-2CB3-4DCB-8E1D-4D354CD28CFE}.Release|Any CPU.ActiveCfg = Release|Any CPU
		{ECAC4062-2CB3-4DCB-8E1D-4D354CD28CFE}.Release|Any CPU.Build.0 = Release|Any CPU
		{081D44BA-6270-4A2A-AFBA-AF82CC2D0198}.Debug|Any CPU.ActiveCfg = Debug|Any CPU
		{081D44BA-6270-4A2A-AFBA-AF82CC2D0198}.Debug|Any CPU.Build.0 = Debug|Any CPU
		{081D44BA-6270-4A2A-AFBA-AF82CC2D0198}.Release|Any CPU.ActiveCfg = Release|Any CPU
		{081D44BA-6270-4A2A-AFBA-AF82CC2D0198}.Release|Any CPU.Build.0 = Release|Any CPU
	EndGlobalSection
	GlobalSection(SolutionProperties) = preSolution
		HideSolutionNode = FALSE
	EndGlobalSection
	GlobalSection(ExtensibilityGlobals) = postSolution
		SolutionGuid = {063FD4E0-8ED5-4C0C-8465-102C17523181}
	EndGlobalSection
EndGlobal
