
Microsoft Visual Studio Solution File, Format Version 12.00
# Visual Studio 15
VisualStudioVersion = 15.0.28307.329
MinimumVisualStudioVersion = 10.0.40219.1
Project("{FAE04EC0-301F-11D3-BF4B-00C04F79EFBC}") = "01-Path类复习", "01-Path类复习\01-Path类复习.csproj", "{ECAC4062-2CB3-4DCB-8E1D-4D354CD28CFE}"
EndProject
Project("{FAE04EC0-301F-11D3-BF4B-00C04F79EFBC}") = "02-File类", "02-File类\02-File类.csproj", "{081D44BA-6270-4A2A-AFBA-AF82CC2D0198}"
EndProject
Project("{FAE04EC0-301F-11D3-BF4B-00C04F79EFBC}") = "03-Directory", "03-Directory\03-Directory.csproj", "{4294F479-3FB7-4BD0-80CE-D51AE5A0CCF6}"
EndProject
Project("{FAE04EC0-301F-11D3-BF4B-00C04F79EFBC}") = "04-文件类练习", "04-文件类练习\04-文件类练习.csproj", "{AFA0EFD5-FC93-4D45-AA01-D403D9FE0D68}"
EndProject
Project("{FAE04EC0-301F-11D3-BF4B-00C04F79EFBC}") = "05-文件流复习", "05-文件流复习\05-文件流复习.csproj", "{11E00595-8F7F-4B3F-ABD6-997A699F9334}"
EndProject
Project("{FAE04EC0-301F-11D3-BF4B-00C04F79EFBC}") = "06-序列化和反序列化", "06-序列化和反序列化\06-序列化和反序列化.csproj", "{E43940E0-2518-4483-826F-0B979AA93738}"
EndProject
Project("{FAE04EC0-301F-11D3-BF4B-00C04F79EFBC}") = "07-简单播放器", "07-简单播放器\07-简单播放器.csproj", "{C44A20F1-0F58-4EAE-9895-69F53AEB6726}"
EndProject
Global
	GlobalSection(SolutionConfigurationPlatforms) = preSolution
		Debug|Any CPU = Debug|Any CPU
		Release|Any CPU = Release|Any CPU
	EndGlobalSection
	GlobalSection(ProjectConfigurationPlatforms) = postSolution
		{ECAC4062-2CB3-4DCB-8E1D-4D354CD28CFE}.Debug|Any CPU.ActiveCfg = Debug|Any CPU
		{ECAC4062-2CB3-4DCB-8E1D-4D354CD28CFE}.Debug|Any CPU.Build.0 = Debug|Any CPU
		{ECAC4062-2CB3-4DCB-8E1D-4D354CD28CFE}.Release|Any CPU.ActiveCfg = Release|Any CPU
		{ECAC4062-2CB3-4DCB-8E1D-4D354CD28CFE}.Release|Any CPU.Build.0 = Release|Any CPU
		{081D44BA-6270-4A2A-AFBA-AF82CC2D0198}.Debug|Any CPU.ActiveCfg = Debug|Any CPU
		{081D44BA-6270-4A2A-AFBA-AF82CC2D0198}.Debug|Any CPU.Build.0 = Debug|Any CPU
		{081D44BA-6270-4A2A-AFBA-AF82CC2D0198}.Release|Any CPU.ActiveCfg = Release|Any CPU
		{081D44BA-6270-4A2A-AFBA-AF82CC2D0198}.Release|Any CPU.Build.0 = Release|Any CPU
		{4294F479-3FB7-4BD0-80CE-D51AE5A0CCF6}.Debug|Any CPU.ActiveCfg = Debug|Any CPU
		{4294F479-3FB7-4BD0-80CE-D51AE5A0CCF6}.Debug|Any CPU.Build.0 = Debug|Any CPU
		{4294F479-3FB7-4BD0-80CE-D51AE5A0CCF6}.Release|Any CPU.ActiveCfg = Release|Any CPU
		{4294F479-3FB7-4BD0-80CE-D51AE5A0CCF6}.Release|Any CPU.Build.0 = Release|Any CPU
		{AFA0EFD5-FC93-4D45-AA01-D403D9FE0D68}.Debug|Any CPU.ActiveCfg = Debug|Any CPU
		{AFA0EFD5-FC93-4D45-AA01-D403D9FE0D68}.Debug|Any CPU.Build.0 = Debug|Any CPU
		{AFA0EFD5-FC93-4D45-AA01-D403D9FE0D68}.Release|Any CPU.ActiveCfg = Release|Any CPU
		{AFA0EFD5-FC93-4D45-AA01-D403D9FE0D68}.Release|Any CPU.Build.0 = Release|Any CPU
		{11E00595-8F7F-4B3F-ABD6-997A699F9334}.Debug|Any CPU.ActiveCfg = Debug|Any CPU
		{11E00595-8F7F-4B3F-ABD6-997A699F9334}.Debug|Any CPU.Build.0 = Debug|Any CPU
		{11E00595-8F7F-4B3F-ABD6-997A699F9334}.Release|Any CPU.ActiveCfg = Release|Any CPU
		{11E00595-8F7F-4B3F-ABD6-997A699F9334}.Release|Any CPU.Build.0 = Release|Any CPU
		{E43940E0-2518-4483-826F-0B979AA93738}.Debug|Any CPU.ActiveCfg = Debug|Any CPU
		{E43940E0-2518-4483-826F-0B979AA93738}.Debug|Any CPU.Build.0 = Debug|Any CPU
		{E43940E0-2518-4483-826F-0B979AA93738}.Release|Any CPU.ActiveCfg = Release|Any CPU
		{E43940E0-2518-4483-826F-0B979AA93738}.Release|Any CPU.Build.0 = Release|Any CPU
		{C44A20F1-0F58-4EAE-9895-69F53AEB6726}.Debug|Any CPU.ActiveCfg = Debug|Any CPU
		{C44A20F1-0F58-4EAE-9895-69F53AEB6726}.Debug|Any CPU.Build.0 = Debug|Any CPU
		{C44A20F1-0F58-4EAE-9895-69F53AEB6726}.Release|Any CPU.ActiveCfg = Release|Any CPU
		{C44A20F1-0F58-4EAE-9895-69F53AEB6726}.Release|Any CPU.Build.0 = Release|Any CPU
	EndGlobalSection
	GlobalSection(SolutionProperties) = preSolution
		HideSolutionNode = FALSE
	EndGlobalSection
	GlobalSection(ExtensibilityGlobals) = postSolution
		SolutionGuid = {063FD4E0-8ED5-4C0C-8465-102C17523181}
	EndGlobalSection
EndGlobal
